
Microsoft Visual Studio Solution File, Format Version 12.00
# Visual Studio Version 17
VisualStudioVersion = 17.3.32929.385
MinimumVisualStudioVersion = 10.0.40219.1
Project("{FAE04EC0-301F-11D3-BF4B-00C04F79EFBC}") = "SimpleHTTP", "SimpleHTTP.csproj", "{452A6141-64B5-4CE1-B372-C74893F211D2}"
EndProject
Global
	GlobalSection(SolutionConfigurationPlatforms) = preSolution
		Debug|Any CPU = Debug|Any CPU
		Release|Any CPU = Release|Any CPU
	EndGlobalSection
	GlobalSection(ProjectConfigurationPlatforms) = postSolution
		{452A6141-64B5-4CE1-B372-C74893F211D2}.Debug|Any CPU.ActiveCfg = Debug|Any CPU
		{452A6141-64B5-4CE1-B372-C74893F211D2}.Debug|Any CPU.Build.0 = Debug|Any CPU
		{452A6141-64B5-4CE1-B372-C74893F211D2}.Release|Any CPU.ActiveCfg = Release|Any CPU
		{452A6141-64B5-4CE1-B372-C74893F211D2}.Release|Any CPU.Build.0 = Release|Any CPU
	EndGlobalSection
	GlobalSection(SolutionProperties) = preSolution
		HideSolutionNode = FALSE
	EndGlobalSection
	GlobalSection(ExtensibilityGlobals) = postSolution
		SolutionGuid = {D966A708-9849-42BE-958A-CBF980196363}
	EndGlobalSection
EndGlobal
